
Microsoft Visual Studio Solution File, Format Version 12.00
# Visual Studio Version 16
VisualStudioVersion = 16.0.29728.190
MinimumVisualStudioVersion = 10.0.40219.1
Project("{FAE04EC0-301F-11D3-BF4B-00C04F79EFBC}") = "Laba7.2.b", "Laba7.2.b.csproj", "{4788A549-2C80-41DF-8A9C-D35A8405C760}"
EndProject
Global
	GlobalSection(SolutionConfigurationPlatforms) = preSolution
		Debug|Any CPU = Debug|Any CPU
		Release|Any CPU = Release|Any CPU
	EndGlobalSection
	GlobalSection(ProjectConfigurationPlatforms) = postSolution
		{4788A549-2C80-41DF-8A9C-D35A8405C760}.Debug|Any CPU.ActiveCfg = Debug|Any CPU
		{4788A549-2C80-41DF-8A9C-D35A8405C760}.Debug|Any CPU.Build.0 = Debug|Any CPU
		{4788A549-2C80-41DF-8A9C-D35A8405C760}.Release|Any CPU.ActiveCfg = Release|Any CPU
		{4788A549-2C80-41DF-8A9C-D35A8405C760}.Release|Any CPU.Build.0 = Release|Any CPU
	EndGlobalSection
	GlobalSection(SolutionProperties) = preSolution
		HideSolutionNode = FALSE
	EndGlobalSection
	GlobalSection(ExtensibilityGlobals) = postSolution
		SolutionGuid = {FDE90CB4-ED56-47EE-9CAC-6FBD1919AC95}
	EndGlobalSection
EndGlobal
